
Microsoft Visual Studio Solution File, Format Version 12.00
# Visual Studio Version 17
VisualStudioVersion = 17.14.36127.28 d17.14
MinimumVisualStudioVersion = 10.0.40219.1
Project("{FAE04EC0-301F-11D3-BF4B-00C04F79EFBC}") = "CoffeeTrackerApp", "CoffeeTrackerApp\CoffeeTrackerApp.csproj", "{45C7F7E8-886E-436C-A647-C83841B8F904}"
EndProject
Global
	GlobalSection(SolutionConfigurationPlatforms) = preSolution
		Debug|Any CPU = Debug|Any CPU
		Release|Any CPU = Release|Any CPU
	EndGlobalSection
	GlobalSection(ProjectConfigurationPlatforms) = postSolution
		{45C7F7E8-886E-436C-A647-C83841B8F904}.Debug|Any CPU.ActiveCfg = Debug|Any CPU
		{45C7F7E8-886E-436C-A647-C83841B8F904}.Debug|Any CPU.Build.0 = Debug|Any CPU
		{45C7F7E8-886E-436C-A647-C83841B8F904}.Release|Any CPU.ActiveCfg = Release|Any CPU
		{45C7F7E8-886E-436C-A647-C83841B8F904}.Release|Any CPU.Build.0 = Release|Any CPU
	EndGlobalSection
	GlobalSection(SolutionProperties) = preSolution
		HideSolutionNode = FALSE
	EndGlobalSection
	GlobalSection(ExtensibilityGlobals) = postSolution
		SolutionGuid = {2CEC17AA-45C9-4150-BC60-F2473E77AFC6}
	EndGlobalSection
EndGlobal
